
Microsoft Visual Studio Solution File, Format Version 12.00
# Visual Studio Version 16
VisualStudioVersion = 16.0.30611.23
MinimumVisualStudioVersion = 10.0.40219.1
Project("{FAE04EC0-301F-11D3-BF4B-00C04F79EFBC}") = "Films", "Films\Films.csproj", "{BF53D321-B8CD-4B38-BF3C-D2D8F9379816}"
EndProject
Global
	GlobalSection(SolutionConfigurationPlatforms) = preSolution
		Debug|Any CPU = Debug|Any CPU
		Release|Any CPU = Release|Any CPU
	EndGlobalSection
	GlobalSection(ProjectConfigurationPlatforms) = postSolution
		{BF53D321-B8CD-4B38-BF3C-D2D8F9379816}.Debug|Any CPU.ActiveCfg = Debug|Any CPU
		{BF53D321-B8CD-4B38-BF3C-D2D8F9379816}.Debug|Any CPU.Build.0 = Debug|Any CPU
		{BF53D321-B8CD-4B38-BF3C-D2D8F9379816}.Release|Any CPU.ActiveCfg = Release|Any CPU
		{BF53D321-B8CD-4B38-BF3C-D2D8F9379816}.Release|Any CPU.Build.0 = Release|Any CPU
	EndGlobalSection
	GlobalSection(SolutionProperties) = preSolution
		HideSolutionNode = FALSE
	EndGlobalSection
	GlobalSection(ExtensibilityGlobals) = postSolution
		SolutionGuid = {8BDB3100-5479-41E0-B0D9-A8AA9B8896FA}
	EndGlobalSection
EndGlobal
